
Microsoft Visual Studio Solution File, Format Version 12.00
# Visual Studio Version 16
VisualStudioVersion = 16.0.31829.152
MinimumVisualStudioVersion = 10.0.40219.1
Project("{FAE04EC0-301F-11D3-BF4B-00C04F79EFBC}") = "ZadachaWPF1.1", "Zadacha1.1\ZadachaWPF1.1.csproj", "{3CA9F1A7-A275-4CD2-967E-E815676D9D15}"
EndProject
Global
	GlobalSection(SolutionConfigurationPlatforms) = preSolution
		Debug|Any CPU = Debug|Any CPU
		Release|Any CPU = Release|Any CPU
	EndGlobalSection
	GlobalSection(ProjectConfigurationPlatforms) = postSolution
		{3CA9F1A7-A275-4CD2-967E-E815676D9D15}.Debug|Any CPU.ActiveCfg = Debug|Any CPU
		{3CA9F1A7-A275-4CD2-967E-E815676D9D15}.Debug|Any CPU.Build.0 = Debug|Any CPU
		{3CA9F1A7-A275-4CD2-967E-E815676D9D15}.Release|Any CPU.ActiveCfg = Release|Any CPU
		{3CA9F1A7-A275-4CD2-967E-E815676D9D15}.Release|Any CPU.Build.0 = Release|Any CPU
	EndGlobalSection
	GlobalSection(SolutionProperties) = preSolution
		HideSolutionNode = FALSE
	EndGlobalSection
	GlobalSection(ExtensibilityGlobals) = postSolution
		SolutionGuid = {0A1D9AB0-C300-42FB-942D-5160CB83A13C}
	EndGlobalSection
EndGlobal
